Microsoft Visual Studio Solution File, Format Version 12.00
# Visual Studio Version 17
VisualStudioVersion = 17.0.31611.283
MinimumVisualStudioVersion = 10.0.40219.1
Project("{9A19103F-16F7-4668-BE54-9A1E7A4F7556}") = "Engine.React", "Engine.React\Engine.React.csproj", "{EDC06E9E-A008-488B-B3E7-6F76834DEB80}"
EndProject
Project("{9A19103F-16F7-4668-BE54-9A1E7A4F7556}") = "CrossBind.Compiler", "CrossBind.Compiler\CrossBind.Compiler.csproj", "{8570FA2F-95FD-46D1-BA4B-0EF864EA9D3F}"
EndProject
Project("{9A19103F-16F7-4668-BE54-9A1E7A4F7556}") = "CrossBind.Engine", "CrossBind.Engine\CrossBind.Engine.csproj", "{DC89369D-251C-4C83-B156-CFB8ECB447F3}"
EndProject
Project("{9A19103F-16F7-4668-BE54-9A1E7A4F7556}") = "CrossBind.Lang", "CrossBind.Lang\CrossBind.Lang.csproj", "{BC3DF6A2-29F6-472B-BD63-25E45517BCF0}"
EndProject
Project("{9A19103F-16F7-4668-BE54-9A1E7A4F7556}") = "CrossBind", "CrossBind\CrossBind.csproj", "{00C48C5D-EBF1-48DF-84A6-2A0935046954}"
EndProject
Project("{9A19103F-16F7-4668-BE54-9A1E7A4F7556}") = "CrossBind.Compiler.Test", "CrossBind.Compiler.Test\CrossBind.Compiler.Test.csproj", "{7F357D12-F0DD-483B-BED1-850E6F319573}"
EndProject
Project("{FAE04EC0-301F-11D3-BF4B-00C04F79EFBC}") = "CrossBind.Engine.Test", "CrossBind.Engine.Test\CrossBind.Engine.Test.csproj", "{2F0C1C88-D40D-4E8F-B68C-9840CFC0D288}"
EndProject
Global
	GlobalSection(SolutionConfigurationPlatforms) = preSolution
		Debug|Any CPU = Debug|Any CPU
		Release|Any CPU = Release|Any CPU
	EndGlobalSection
	GlobalSection(ProjectConfigurationPlatforms) = postSolution
		{EDC06E9E-A008-488B-B3E7-6F76834DEB80}.Debug|Any CPU.ActiveCfg = Debug|Any CPU
		{EDC06E9E-A008-488B-B3E7-6F76834DEB80}.Debug|Any CPU.Build.0 = Debug|Any CPU
		{EDC06E9E-A008-488B-B3E7-6F76834DEB80}.Release|Any CPU.ActiveCfg = Release|Any CPU
		{EDC06E9E-A008-488B-B3E7-6F76834DEB80}.Release|Any CPU.Build.0 = Release|Any CPU
		{8570FA2F-95FD-46D1-BA4B-0EF864EA9D3F}.Debug|Any CPU.ActiveCfg = Debug|Any CPU
		{8570FA2F-95FD-46D1-BA4B-0EF864EA9D3F}.Debug|Any CPU.Build.0 = Debug|Any CPU
		{8570FA2F-95FD-46D1-BA4B-0EF864EA9D3F}.Release|Any CPU.ActiveCfg = Release|Any CPU
		{8570FA2F-95FD-46D1-BA4B-0EF864EA9D3F}.Release|Any CPU.Build.0 = Release|Any CPU
		{DC89369D-251C-4C83-B156-CFB8ECB447F3}.Debug|Any CPU.ActiveCfg = Debug|Any CPU
		{DC89369D-251C-4C83-B156-CFB8ECB447F3}.Debug|Any CPU.Build.0 = Debug|Any CPU
		{DC89369D-251C-4C83-B156-CFB8ECB447F3}.Release|Any CPU.ActiveCfg = Release|Any CPU
		{DC89369D-251C-4C83-B156-CFB8ECB447F3}.Release|Any CPU.Build.0 = Release|Any CPU
		{BC3DF6A2-29F6-472B-BD63-25E45517BCF0}.Debug|Any CPU.ActiveCfg = Debug|Any CPU
		{BC3DF6A2-29F6-472B-BD63-25E45517BCF0}.Debug|Any CPU.Build.0 = Debug|Any CPU
		{BC3DF6A2-29F6-472B-BD63-25E45517BCF0}.Release|Any CPU.ActiveCfg = Release|Any CPU
		{BC3DF6A2-29F6-472B-BD63-25E45517BCF0}.Release|Any CPU.Build.0 = Release|Any CPU
		{00C48C5D-EBF1-48DF-84A6-2A0935046954}.Debug|Any CPU.ActiveCfg = Debug|Any CPU
		{00C48C5D-EBF1-48DF-84A6-2A0935046954}.Debug|Any CPU.Build.0 = Debug|Any CPU
		{00C48C5D-EBF1-48DF-84A6-2A0935046954}.Release|Any CPU.ActiveCfg = Release|Any CPU
		{00C48C5D-EBF1-48DF-84A6-2A0935046954}.Release|Any CPU.Build.0 = Release|Any CPU
		{7F357D12-F0DD-483B-BED1-850E6F319573}.Debug|Any CPU.ActiveCfg = Debug|Any CPU
		{7F357D12-F0DD-483B-BED1-850E6F319573}.Debug|Any CPU.Build.0 = Debug|Any CPU
		{7F357D12-F0DD-483B-BED1-850E6F319573}.Release|Any CPU.ActiveCfg = Release|Any CPU
		{7F357D12-F0DD-483B-BED1-850E6F319573}.Release|Any CPU.Build.0 = Release|Any CPU
		{2F0C1C88-D40D-4E8F-B68C-9840CFC0D288}.Debug|Any CPU.ActiveCfg = Debug|Any CPU
		{2F0C1C88-D40D-4E8F-B68C-9840CFC0D288}.Debug|Any CPU.Build.0 = Debug|Any CPU
		{2F0C1C88-D40D-4E8F-B68C-9840CFC0D288}.Release|Any CPU.ActiveCfg = Release|Any CPU
		{2F0C1C88-D40D-4E8F-B68C-9840CFC0D288}.Release|Any CPU.Build.0 = Release|Any CPU
	EndGlobalSection
	GlobalSection(SolutionProperties) = preSolution
		HideSolutionNode = FALSE
	EndGlobalSection
	GlobalSection(ExtensibilityGlobals) = postSolution
		SolutionGuid = {61F7FB11-1E47-470C-91E2-47F8143E1572}
	EndGlobalSection
EndGlobal
